# This file is automatically @generated by Poetry and should not be changed by hand.
# This is a placeholder file that will be populated when poetry install is run.

[[package]]
name = "placeholder"
version = "0.0.0"
description = "Placeholder package"

[metadata]
lock-version = "2.0"
python-versions = "^3.12"
content-hash = "placeholder"